
Microsoft Visual Studio Solution File, Format Version 12.00
# Visual Studio Version 17
VisualStudioVersion = 17.5.33516.290
MinimumVisualStudioVersion = 10.0.40219.1
Project("{FAE04EC0-301F-11D3-BF4B-00C04F79EFBC}") = "hotel_MVVM", "hotel_MVVM\hotel_MVVM.csproj", "{79A8CF86-D639-48A9-96F1-2EEE689D6A2B}"
EndProject
Project("{FAE04EC0-301F-11D3-BF4B-00C04F79EFBC}") = "Test", "Test\Test.csproj", "{DDFE8471-1A60-4B3E-B258-20F4A228C66D}"
EndProject
Project("{2150E333-8FDC-42A3-9474-1A3956D46DE8}") = "ApplicationCore", "ApplicationCore", "{E91913CB-077B-47A5-B132-D0C555DB1088}"
EndProject
Project("{FAE04EC0-301F-11D3-BF4B-00C04F79EFBC}") = "DomainModel", "DomainModel\DomainModel.csproj", "{2D410FC5-EDF1-4FAF-80A2-B837F3070BCC}"
EndProject
Project("{FAE04EC0-301F-11D3-BF4B-00C04F79EFBC}") = "Interfaces", "Interfaces\Interfaces.csproj", "{459F9215-ED3C-4FF7-850D-9049AB658DFC}"
EndProject
Project("{2150E333-8FDC-42A3-9474-1A3956D46DE8}") = "Infrastructure", "Infrastructure", "{A3BEDBE5-0A87-410D-A3D2-BAF3E689F696}"
EndProject
Project("{FAE04EC0-301F-11D3-BF4B-00C04F79EFBC}") = "BLL", "BLL\BLL.csproj", "{961F089B-7BC3-437C-9C87-1191E7833E83}"
EndProject
Project("{FAE04EC0-301F-11D3-BF4B-00C04F79EFBC}") = "DAL", "DAL\DAL.csproj", "{D6E546A1-F37B-457D-BC76-F94D144D7006}"
EndProject
Global
	GlobalSection(SolutionConfigurationPlatforms) = preSolution
		Debug|Any CPU = Debug|Any CPU
		Release|Any CPU = Release|Any CPU
	EndGlobalSection
	GlobalSection(ProjectConfigurationPlatforms) = postSolution
		{79A8CF86-D639-48A9-96F1-2EEE689D6A2B}.Debug|Any CPU.ActiveCfg = Debug|Any CPU
		{79A8CF86-D639-48A9-96F1-2EEE689D6A2B}.Debug|Any CPU.Build.0 = Debug|Any CPU
		{79A8CF86-D639-48A9-96F1-2EEE689D6A2B}.Release|Any CPU.ActiveCfg = Release|Any CPU
		{79A8CF86-D639-48A9-96F1-2EEE689D6A2B}.Release|Any CPU.Build.0 = Release|Any CPU
		{DDFE8471-1A60-4B3E-B258-20F4A228C66D}.Debug|Any CPU.ActiveCfg = Debug|Any CPU
		{DDFE8471-1A60-4B3E-B258-20F4A228C66D}.Debug|Any CPU.Build.0 = Debug|Any CPU
		{DDFE8471-1A60-4B3E-B258-20F4A228C66D}.Release|Any CPU.ActiveCfg = Release|Any CPU
		{DDFE8471-1A60-4B3E-B258-20F4A228C66D}.Release|Any CPU.Build.0 = Release|Any CPU
		{2D410FC5-EDF1-4FAF-80A2-B837F3070BCC}.Debug|Any CPU.ActiveCfg = Debug|Any CPU
		{2D410FC5-EDF1-4FAF-80A2-B837F3070BCC}.Debug|Any CPU.Build.0 = Debug|Any CPU
		{2D410FC5-EDF1-4FAF-80A2-B837F3070BCC}.Release|Any CPU.ActiveCfg = Release|Any CPU
		{2D410FC5-EDF1-4FAF-80A2-B837F3070BCC}.Release|Any CPU.Build.0 = Release|Any CPU
		{459F9215-ED3C-4FF7-850D-9049AB658DFC}.Debug|Any CPU.ActiveCfg = Debug|Any CPU
		{459F9215-ED3C-4FF7-850D-9049AB658DFC}.Debug|Any CPU.Build.0 = Debug|Any CPU
		{459F9215-ED3C-4FF7-850D-9049AB658DFC}.Release|Any CPU.ActiveCfg = Release|Any CPU
		{459F9215-ED3C-4FF7-850D-9049AB658DFC}.Release|Any CPU.Build.0 = Release|Any CPU
		{961F089B-7BC3-437C-9C87-1191E7833E83}.Debug|Any CPU.ActiveCfg = Debug|Any CPU
		{961F089B-7BC3-437C-9C87-1191E7833E83}.Debug|Any CPU.Build.0 = Debug|Any CPU
		{961F089B-7BC3-437C-9C87-1191E7833E83}.Release|Any CPU.ActiveCfg = Release|Any CPU
		{961F089B-7BC3-437C-9C87-1191E7833E83}.Release|Any CPU.Build.0 = Release|Any CPU
		{D6E546A1-F37B-457D-BC76-F94D144D7006}.Debug|Any CPU.ActiveCfg = Debug|Any CPU
		{D6E546A1-F37B-457D-BC76-F94D144D7006}.Debug|Any CPU.Build.0 = Debug|Any CPU
		{D6E546A1-F37B-457D-BC76-F94D144D7006}.Release|Any CPU.ActiveCfg = Release|Any CPU
		{D6E546A1-F37B-457D-BC76-F94D144D7006}.Release|Any CPU.Build.0 = Release|Any CPU
	EndGlobalSection
	GlobalSection(SolutionProperties) = preSolution
		HideSolutionNode = FALSE
	EndGlobalSection
	GlobalSection(NestedProjects) = preSolution
		{2D410FC5-EDF1-4FAF-80A2-B837F3070BCC} = {E91913CB-077B-47A5-B132-D0C555DB1088}
		{459F9215-ED3C-4FF7-850D-9049AB658DFC} = {E91913CB-077B-47A5-B132-D0C555DB1088}
		{961F089B-7BC3-437C-9C87-1191E7833E83} = {A3BEDBE5-0A87-410D-A3D2-BAF3E689F696}
		{D6E546A1-F37B-457D-BC76-F94D144D7006} = {A3BEDBE5-0A87-410D-A3D2-BAF3E689F696}
	EndGlobalSection
	GlobalSection(ExtensibilityGlobals) = postSolution
		SolutionGuid = {DD802AB6-2BBF-465C-AFD5-E3D5D7A43FF1}
	EndGlobalSection
EndGlobal
